
Microsoft Visual Studio Solution File, Format Version 11.00
# Visual Basic Express 2010
Project("{F184B08F-C81C-45F6-A57F-5ABD9991F28F}") = "WindowsApplication1", "WindowsApplication1\WindowsApplication1.vbproj", "{357119AF-17E0-4581-A62A-2CED734FE530}"
EndProject
Global
	GlobalSection(SolutionConfigurationPlatforms) = preSolution
		Debug|x86 = Debug|x86
		Release|x86 = Release|x86
	EndGlobalSection
	GlobalSection(ProjectConfigurationPlatforms) = postSolution
		{357119AF-17E0-4581-A62A-2CED734FE530}.Debug|x86.ActiveCfg = Debug|x86
		{357119AF-17E0-4581-A62A-2CED734FE530}.Debug|x86.Build.0 = Debug|x86
		{357119AF-17E0-4581-A62A-2CED734FE530}.Release|x86.ActiveCfg = Release|x86
		{357119AF-17E0-4581-A62A-2CED734FE530}.Release|x86.Build.0 = Release|x86
	EndGlobalSection
	GlobalSection(SolutionProperties) = preSolution
		HideSolutionNode = FALSE
	EndGlobalSection
EndGlobal
