
Microsoft Visual Studio Solution File, Format Version 12.00
# Visual Studio 11
Project("{FAE04EC0-301F-11D3-BF4B-00C04F79EFBC}") = "cäsar", "cäsar\cäsar.csproj", "{32A0A71D-79FF-4486-9F4A-B30D74E1048D}"
EndProject
Global
	GlobalSection(SolutionConfigurationPlatforms) = preSolution
		Debug|Any CPU = Debug|Any CPU
		Release|Any CPU = Release|Any CPU
	EndGlobalSection
	GlobalSection(ProjectConfigurationPlatforms) = postSolution
		{32A0A71D-79FF-4486-9F4A-B30D74E1048D}.Debug|Any CPU.ActiveCfg = Debug|Any CPU
		{32A0A71D-79FF-4486-9F4A-B30D74E1048D}.Debug|Any CPU.Build.0 = Debug|Any CPU
		{32A0A71D-79FF-4486-9F4A-B30D74E1048D}.Release|Any CPU.ActiveCfg = Release|Any CPU
		{32A0A71D-79FF-4486-9F4A-B30D74E1048D}.Release|Any CPU.Build.0 = Release|Any CPU
	EndGlobalSection
	GlobalSection(SolutionProperties) = preSolution
		HideSolutionNode = FALSE
	EndGlobalSection
EndGlobal
